// !$*UTF8*$!
{
	archiveVersion = 1;
	classes = {
	};
	objectVersion = 46;
	objects = {

/* Begin PBXBuildFile section */
		274BE43DB74D4AF8B6010623 /* libPods-ArrivalBoardTests.a in Frameworks */ = {isa = PBXBuildFile; fileRef = 69B6D07F2B4E450D9BBB665D /* libPods-ArrivalBoardTests.a */; };
		5E1D4B6D19282743005329F7 /* Foundation.framework in Frameworks */ = {isa = PBXBuildFile; fileRef = 5E1D4B6C19282743005329F7 /* Foundation.framework */; };
		5E1D4B6F19282743005329F7 /* CoreGraphics.framework in Frameworks */ = {isa = PBXBuildFile; fileRef = 5E1D4B6E19282743005329F7 /* CoreGraphics.framework */; };
		5E1D4B7119282743005329F7 /* UIKit.framework in Frameworks */ = {isa = PBXBuildFile; fileRef = 5E1D4B7019282743005329F7 /* UIKit.framework */; };
		5E1D4B7719282743005329F7 /* InfoPlist.strings in Resources */ = {isa = PBXBuildFile; fileRef = 5E1D4B7519282743005329F7 /* InfoPlist.strings */; };
		5E1D4B7919282743005329F7 /* main.m in Sources */ = {isa = PBXBuildFile; fileRef = 5E1D4B7819282743005329F7 /* main.m */; };
		5E1D4B7D19282743005329F7 /* ABAppDelegate.m in Sources */ = {isa = PBXBuildFile; fileRef = 5E1D4B7C19282743005329F7 /* ABAppDelegate.m */; };
		5E1D4B8019282743005329F7 /* Main.storyboard in Resources */ = {isa = PBXBuildFile; fileRef = 5E1D4B7E19282743005329F7 /* Main.storyboard */; };
		5E1D4B8319282743005329F7 /* ABViewController.m in Sources */ = {isa = PBXBuildFile; fileRef = 5E1D4B8219282743005329F7 /* ABViewController.m */; };
		5E1D4B8519282743005329F7 /* Images.xcassets in Resources */ = {isa = PBXBuildFile; fileRef = 5E1D4B8419282743005329F7 /* Images.xcassets */; };
		5E1D4B8C19282743005329F7 /* XCTest.framework in Frameworks */ = {isa = PBXBuildFile; fileRef = 5E1D4B8B19282743005329F7 /* XCTest.framework */; };
		5E1D4B8D19282743005329F7 /* Foundation.framework in Frameworks */ = {isa = PBXBuildFile; fileRef = 5E1D4B6C19282743005329F7 /* Foundation.framework */; };
		5E1D4B8E19282743005329F7 /* UIKit.framework in Frameworks */ = {isa = PBXBuildFile; fileRef = 5E1D4B7019282743005329F7 /* UIKit.framework */; };
		5E1D4B9619282743005329F7 /* InfoPlist.strings in Resources */ = {isa = PBXBuildFile; fileRef = 5E1D4B9419282743005329F7 /* InfoPlist.strings */; };
		5E1D4B9819282743005329F7 /* ArrivalBoardTests.m in Sources */ = {isa = PBXBuildFile; fileRef = 5E1D4B9719282743005329F7 /* ArrivalBoardTests.m */; };
		5E607C63193A538100EB4D38 /* Flaticon_25283_white.png in Resources */ = {isa = PBXBuildFile; fileRef = 5E607C62193A538100EB4D38 /* Flaticon_25283_white.png */; };
		5E951A92192830CC0042C245 /* ETA.m in Sources */ = {isa = PBXBuildFile; fileRef = 5E951A91192830CC0042C245 /* ETA.m */; };
		5E951A93192830CC0042C245 /* ETA.m in Sources */ = {isa = PBXBuildFile; fileRef = 5E951A91192830CC0042C245 /* ETA.m */; };
		5E951A95192833640042C245 /* ETATest.m in Sources */ = {isa = PBXBuildFile; fileRef = 5E951A94192833640042C245 /* ETATest.m */; };
		5E951A97192844260042C245 /* ArrivalClientTest.m in Sources */ = {isa = PBXBuildFile; fileRef = 5E951A96192844260042C245 /* ArrivalClientTest.m */; };
		5E951A9A192844A30042C245 /* ArrivalClient.m in Sources */ = {isa = PBXBuildFile; fileRef = 5E951A99192844A30042C245 /* ArrivalClient.m */; };
		5E951A9F1928786D0042C245 /* CoreLocation.framework in Frameworks */ = {isa = PBXBuildFile; fileRef = 5E951A9E1928786D0042C245 /* CoreLocation.framework */; };
		5EF84C7A192996DE0078C58F /* front1.svg in Resources */ = {isa = PBXBuildFile; fileRef = 5EF84C78192996DE0078C58F /* front1.svg */; };
		5EF84C7B192996DE0078C58F /* train20.svg in Resources */ = {isa = PBXBuildFile; fileRef = 5EF84C79192996DE0078C58F /* train20.svg */; };
		5EF84C7E192997500078C58F /* front1.png in Resources */ = {isa = PBXBuildFile; fileRef = 5EF84C7C192997500078C58F /* front1.png */; };
		5EF84C7F192997500078C58F /* train20.png in Resources */ = {isa = PBXBuildFile; fileRef = 5EF84C7D192997500078C58F /* train20.png */; };
		5EF84C811929999C0078C58F /* train20white.png in Resources */ = {isa = PBXBuildFile; fileRef = 5EF84C801929999C0078C58F /* train20white.png */; };
		5EF84C83192A4FAC0078C58F /* 600w.gpx in Resources */ = {isa = PBXBuildFile; fileRef = 5EF84C82192A4FAC0078C58F /* 600w.gpx */; };
		76FBE57A12554414876244D5 /* libPods.a in Frameworks */ = {isa = PBXBuildFile; fileRef = EE9F50FE5AC64778B8216638 /* libPods.a */; };
/* End PBXBuildFile section */

/* Begin PBXContainerItemProxy section */
		5E1D4B8F19282743005329F7 /* PBXContainerItemProxy */ = {
			isa = PBXContainerItemProxy;
			containerPortal = 5E1D4B6119282743005329F7 /* Project object */;
			proxyType = 1;
			remoteGlobalIDString = 5E1D4B6819282743005329F7;
			remoteInfo = ArrivalBoard;
		};
/* End PBXContainerItemProxy section */

/* Begin PBXFileReference section */
		0FBDF78C6AF3422E9969D885 /* Pods.xcconfig */ = {isa = PBXFileReference; includeInIndex = 1; lastKnownFileType = text.xcconfig; name = Pods.xcconfig; path = Pods/Pods.xcconfig; sourceTree = "<group>"; };
		5E1D4B6919282743005329F7 /* ArrivalBoard.app */ = {isa = PBXFileReference; explicitFileType = wrapper.application; includeInIndex = 0; path = ArrivalBoard.app; sourceTree = BUILT_PRODUCTS_DIR; };
		5E1D4B6C19282743005329F7 /* Foundation.framework */ = {isa = PBXFileReference; lastKnownFileType = wrapper.framework; name = Foundation.framework; path = System/Library/Frameworks/Foundation.framework; sourceTree = SDKROOT; };
		5E1D4B6E19282743005329F7 /* CoreGraphics.framework */ = {isa = PBXFileReference; lastKnownFileType = wrapper.framework; name = CoreGraphics.framework; path = System/Library/Frameworks/CoreGraphics.framework; sourceTree = SDKROOT; };
		5E1D4B7019282743005329F7 /* UIKit.framework */ = {isa = PBXFileReference; lastKnownFileType = wrapper.framework; name = UIKit.framework; path = System/Library/Frameworks/UIKit.framework; sourceTree = SDKROOT; };
		5E1D4B7419282743005329F7 /* ArrivalBoard-Info.plist */ = {isa = PBXFileReference; lastKnownFileType = text.plist.xml; path = "ArrivalBoard-Info.plist"; sourceTree = "<group>"; };
		5E1D4B7619282743005329F7 /* en */ = {isa = PBXFileReference; lastKnownFileType = text.plist.strings; name = en; path = en.lproj/InfoPlist.strings; sourceTree = "<group>"; };
		5E1D4B7819282743005329F7 /* main.m */ = {isa = PBXFileReference; lastKnownFileType = sourcecode.c.objc; path = main.m; sourceTree = "<group>"; };
		5E1D4B7A19282743005329F7 /* ArrivalBoard-Prefix.pch */ = {isa = PBXFileReference; lastKnownFileType = sourcecode.c.h; path = "ArrivalBoard-Prefix.pch"; sourceTree = "<group>"; };
		5E1D4B7B19282743005329F7 /* ABAppDelegate.h */ = {isa = PBXFileReference; lastKnownFileType = sourcecode.c.h; path = ABAppDelegate.h; sourceTree = "<group>"; };
		5E1D4B7C19282743005329F7 /* ABAppDelegate.m */ = {isa = PBXFileReference; lastKnownFileType = sourcecode.c.objc; path = ABAppDelegate.m; sourceTree = "<group>"; };
		5E1D4B7F19282743005329F7 /* Base */ = {isa = PBXFileReference; lastKnownFileType = file.storyboard; name = Base; path = Base.lproj/Main.storyboard; sourceTree = "<group>"; };
		5E1D4B8119282743005329F7 /* ABViewController.h */ = {isa = PBXFileReference; lastKnownFileType = sourcecode.c.h; path = ABViewController.h; sourceTree = "<group>"; };
		5E1D4B8219282743005329F7 /* ABViewController.m */ = {isa = PBXFileReference; lastKnownFileType = sourcecode.c.objc; path = ABViewController.m; sourceTree = "<group>"; };
		5E1D4B8419282743005329F7 /* Images.xcassets */ = {isa = PBXFileReference; lastKnownFileType = folder.assetcatalog; path = Images.xcassets; sourceTree = "<group>"; };
		5E1D4B8A19282743005329F7 /* ArrivalBoardTests.xctest */ = {isa = PBXFileReference; explicitFileType = wrapper.cfbundle; includeInIndex = 0; path = ArrivalBoardTests.xctest; sourceTree = BUILT_PRODUCTS_DIR; };
		5E1D4B8B19282743005329F7 /* XCTest.framework */ = {isa = PBXFileReference; lastKnownFileType = wrapper.framework; name = XCTest.framework; path = Library/Frameworks/XCTest.framework; sourceTree = DEVELOPER_DIR; };
		5E1D4B9319282743005329F7 /* ArrivalBoardTests-Info.plist */ = {isa = PBXFileReference; lastKnownFileType = text.plist.xml; path = "ArrivalBoardTests-Info.plist"; sourceTree = "<group>"; };
		5E1D4B9519282743005329F7 /* en */ = {isa = PBXFileReference; lastKnownFileType = text.plist.strings; name = en; path = en.lproj/InfoPlist.strings; sourceTree = "<group>"; };
		5E1D4B9719282743005329F7 /* ArrivalBoardTests.m */ = {isa = PBXFileReference; lastKnownFileType = sourcecode.c.objc; path = ArrivalBoardTests.m; sourceTree = "<group>"; };
		5E607C62193A538100EB4D38 /* Flaticon_25283_white.png */ = {isa = PBXFileReference; lastKnownFileType = image.png; path = Flaticon_25283_white.png; sourceTree = "<group>"; };
		5E951A90192830CC0042C245 /* ETA.h */ = {isa = PBXFileReference; fileEncoding = 4; lastKnownFileType = sourcecode.c.h; path = ETA.h; sourceTree = "<group>"; };
		5E951A91192830CC0042C245 /* ETA.m */ = {isa = PBXFileReference; fileEncoding = 4; lastKnownFileType = sourcecode.c.objc; path = ETA.m; sourceTree = "<group>"; };
		5E951A94192833640042C245 /* ETATest.m */ = {isa = PBXFileReference; fileEncoding = 4; lastKnownFileType = sourcecode.c.objc; path = ETATest.m; sourceTree = "<group>"; };
		5E951A96192844260042C245 /* ArrivalClientTest.m */ = {isa = PBXFileReference; fileEncoding = 4; lastKnownFileType = sourcecode.c.objc; path = ArrivalClientTest.m; sourceTree = "<group>"; };
		5E951A98192844A30042C245 /* ArrivalClient.h */ = {isa = PBXFileReference; fileEncoding = 4; lastKnownFileType = sourcecode.c.h; path = ArrivalClient.h; sourceTree = "<group>"; };
		5E951A99192844A30042C245 /* ArrivalClient.m */ = {isa = PBXFileReference; fileEncoding = 4; lastKnownFileType = sourcecode.c.objc; path = ArrivalClient.m; sourceTree = "<group>"; };
		5E951A9E1928786D0042C245 /* CoreLocation.framework */ = {isa = PBXFileReference; lastKnownFileType = wrapper.framework; name = CoreLocation.framework; path = System/Library/Frameworks/CoreLocation.framework; sourceTree = SDKROOT; };
		5EF84C78192996DE0078C58F /* front1.svg */ = {isa = PBXFileReference; fileEncoding = 4; lastKnownFileType = text.xml; path = front1.svg; sourceTree = "<group>"; };
		5EF84C79192996DE0078C58F /* train20.svg */ = {isa = PBXFileReference; fileEncoding = 4; lastKnownFileType = text.xml; path = train20.svg; sourceTree = "<group>"; };
		5EF84C7C192997500078C58F /* front1.png */ = {isa = PBXFileReference; lastKnownFileType = image.png; path = front1.png; sourceTree = "<group>"; };
		5EF84C7D192997500078C58F /* train20.png */ = {isa = PBXFileReference; lastKnownFileType = image.png; path = train20.png; sourceTree = "<group>"; };
		5EF84C801929999C0078C58F /* train20white.png */ = {isa = PBXFileReference; lastKnownFileType = image.png; path = train20white.png; sourceTree = "<group>"; };
		5EF84C82192A4FAC0078C58F /* 600w.gpx */ = {isa = PBXFileReference; fileEncoding = 4; lastKnownFileType = text.xml; path = 600w.gpx; sourceTree = "<group>"; };
		69B6D07F2B4E450D9BBB665D /* libPods-ArrivalBoardTests.a */ = {isa = PBXFileReference; explicitFileType = archive.ar; includeInIndex = 0; path = "libPods-ArrivalBoardTests.a"; sourceTree = BUILT_PRODUCTS_DIR; };
		A6F537326F954B269034EB6C /* Pods-ArrivalBoardTests.xcconfig */ = {isa = PBXFileReference; includeInIndex = 1; lastKnownFileType = text.xcconfig; name = "Pods-ArrivalBoardTests.xcconfig"; path = "Pods/Pods-ArrivalBoardTests.xcconfig"; sourceTree = "<group>"; };
		EE9F50FE5AC64778B8216638 /* libPods.a */ = {isa = PBXFileReference; explicitFileType = archive.ar; includeInIndex = 0; path = libPods.a; sourceTree = BUILT_PRODUCTS_DIR; };
/* End PBXFileReference section */

/* Begin PBXFrameworksBuildPhase section */
		5E1D4B6619282743005329F7 /* Frameworks */ = {
			isa = PBXFrameworksBuildPhase;
			buildActionMask = 2147483647;
			files = (
				5E951A9F1928786D0042C245 /* CoreLocation.framework in Frameworks */,
				5E1D4B6F19282743005329F7 /* CoreGraphics.framework in Frameworks */,
				5E1D4B7119282743005329F7 /* UIKit.framework in Frameworks */,
				5E1D4B6D19282743005329F7 /* Foundation.framework in Frameworks */,
				76FBE57A12554414876244D5 /* libPods.a in Frameworks */,
			);
			runOnlyForDeploymentPostprocessing = 0;
		};
		5E1D4B8719282743005329F7 /* Frameworks */ = {
			isa = PBXFrameworksBuildPhase;
			buildActionMask = 2147483647;
			files = (
				5E1D4B8C19282743005329F7 /* XCTest.framework in Frameworks */,
				5E1D4B8E19282743005329F7 /* UIKit.framework in Frameworks */,
				5E1D4B8D19282743005329F7 /* Foundation.framework in Frameworks */,
				274BE43DB74D4AF8B6010623 /* libPods-ArrivalBoardTests.a in Frameworks */,
			);
			runOnlyForDeploymentPostprocessing = 0;
		};
/* End PBXFrameworksBuildPhase section */

/* Begin PBXGroup section */
		5E1D4B6019282743005329F7 = {
			isa = PBXGroup;
			children = (
				5E607C62193A538100EB4D38 /* Flaticon_25283_white.png */,
				5EF84C82192A4FAC0078C58F /* 600w.gpx */,
				5EF84C801929999C0078C58F /* train20white.png */,
				5EF84C7C192997500078C58F /* front1.png */,
				5EF84C7D192997500078C58F /* train20.png */,
				5EF84C78192996DE0078C58F /* front1.svg */,
				5EF84C79192996DE0078C58F /* train20.svg */,
				5E1D4B7219282743005329F7 /* ArrivalBoard */,
				5E1D4B9119282743005329F7 /* ArrivalBoardTests */,
				5E1D4B6B19282743005329F7 /* Frameworks */,
				5E1D4B6A19282743005329F7 /* Products */,
				0FBDF78C6AF3422E9969D885 /* Pods.xcconfig */,
				A6F537326F954B269034EB6C /* Pods-ArrivalBoardTests.xcconfig */,
			);
			sourceTree = "<group>";
		};
		5E1D4B6A19282743005329F7 /* Products */ = {
			isa = PBXGroup;
			children = (
				5E1D4B6919282743005329F7 /* ArrivalBoard.app */,
				5E1D4B8A19282743005329F7 /* ArrivalBoardTests.xctest */,
			);
			name = Products;
			sourceTree = "<group>";
		};
		5E1D4B6B19282743005329F7 /* Frameworks */ = {
			isa = PBXGroup;
			children = (
				5E951A9E1928786D0042C245 /* CoreLocation.framework */,
				5E1D4B6C19282743005329F7 /* Foundation.framework */,
				5E1D4B6E19282743005329F7 /* CoreGraphics.framework */,
				5E1D4B7019282743005329F7 /* UIKit.framework */,
				5E1D4B8B19282743005329F7 /* XCTest.framework */,
				EE9F50FE5AC64778B8216638 /* libPods.a */,
				69B6D07F2B4E450D9BBB665D /* libPods-ArrivalBoardTests.a */,
			);
			name = Frameworks;
			sourceTree = "<group>";
		};
		5E1D4B7219282743005329F7 /* ArrivalBoard */ = {
			isa = PBXGroup;
			children = (
				5E951A98192844A30042C245 /* ArrivalClient.h */,
				5E951A99192844A30042C245 /* ArrivalClient.m */,
				5E1D4B7B19282743005329F7 /* ABAppDelegate.h */,
				5E1D4B7C19282743005329F7 /* ABAppDelegate.m */,
				5E1D4B7E19282743005329F7 /* Main.storyboard */,
				5E1D4B8119282743005329F7 /* ABViewController.h */,
				5E1D4B8219282743005329F7 /* ABViewController.m */,
				5E1D4B8419282743005329F7 /* Images.xcassets */,
				5E1D4B7319282743005329F7 /* Supporting Files */,
				5E951A90192830CC0042C245 /* ETA.h */,
				5E951A91192830CC0042C245 /* ETA.m */,
			);
			path = ArrivalBoard;
			sourceTree = "<group>";
		};
		5E1D4B7319282743005329F7 /* Supporting Files */ = {
			isa = PBXGroup;
			children = (
				5E1D4B7419282743005329F7 /* ArrivalBoard-Info.plist */,
				5E1D4B7519282743005329F7 /* InfoPlist.strings */,
				5E1D4B7819282743005329F7 /* main.m */,
				5E1D4B7A19282743005329F7 /* ArrivalBoard-Prefix.pch */,
			);
			name = "Supporting Files";
			sourceTree = "<group>";
		};
		5E1D4B9119282743005329F7 /* ArrivalBoardTests */ = {
			isa = PBXGroup;
			children = (
				5E951A94192833640042C245 /* ETATest.m */,
				5E951A96192844260042C245 /* ArrivalClientTest.m */,
				5E1D4B9719282743005329F7 /* ArrivalBoardTests.m */,
				5E1D4B9219282743005329F7 /* Supporting Files */,
			);
			path = ArrivalBoardTests;
			sourceTree = "<group>";
		};
		5E1D4B9219282743005329F7 /* Supporting Files */ = {
			isa = PBXGroup;
			children = (
				5E1D4B9319282743005329F7 /* ArrivalBoardTests-Info.plist */,
				5E1D4B9419282743005329F7 /* InfoPlist.strings */,
			);
			name = "Supporting Files";
			sourceTree = "<group>";
		};
/* End PBXGroup section */

/* Begin PBXNativeTarget section */
		5E1D4B6819282743005329F7 /* ArrivalBoard */ = {
			isa = PBXNativeTarget;
			buildConfigurationList = 5E1D4B9B19282743005329F7 /* Build configuration list for PBXNativeTarget "ArrivalBoard" */;
			buildPhases = (
				E00851674CE344D8A7EB9FAA /* Check Pods Manifest.lock */,
				5E1D4B6519282743005329F7 /* Sources */,
				5E1D4B6619282743005329F7 /* Frameworks */,
				5E1D4B6719282743005329F7 /* Resources */,
				A9C32AB83F9C4126B51573C3 /* Copy Pods Resources */,
			);
			buildRules = (
			);
			dependencies = (
			);
			name = ArrivalBoard;
			productName = ArrivalBoard;
			productReference = 5E1D4B6919282743005329F7 /* ArrivalBoard.app */;
			productType = "com.apple.product-type.application";
		};
		5E1D4B8919282743005329F7 /* ArrivalBoardTests */ = {
			isa = PBXNativeTarget;
			buildConfigurationList = 5E1D4B9E19282743005329F7 /* Build configuration list for PBXNativeTarget "ArrivalBoardTests" */;
			buildPhases = (
				7FDC326492F94E3499EE8C99 /* Check Pods Manifest.lock */,
				5E1D4B8619282743005329F7 /* Sources */,
				5E1D4B8719282743005329F7 /* Frameworks */,
				5E1D4B8819282743005329F7 /* Resources */,
				4D409AE12790400F96D25B01 /* Copy Pods Resources */,
			);
			buildRules = (
			);
			dependencies = (
				5E1D4B9019282743005329F7 /* PBXTargetDependency */,
			);
			name = ArrivalBoardTests;
			productName = ArrivalBoardTests;
			productReference = 5E1D4B8A19282743005329F7 /* ArrivalBoardTests.xctest */;
			productType = "com.apple.product-type.bundle.unit-test";
		};
/* End PBXNativeTarget section */

/* Begin PBXProject section */
		5E1D4B6119282743005329F7 /* Project object */ = {
			isa = PBXProject;
			attributes = {
				CLASSPREFIX = AB;
				LastUpgradeCheck = 0510;
				ORGANIZATIONNAME = eb;
				TargetAttributes = {
					5E1D4B8919282743005329F7 = {
						TestTargetID = 5E1D4B6819282743005329F7;
					};
				};
			};
			buildConfigurationList = 5E1D4B6419282743005329F7 /* Build configuration list for PBXProject "ArrivalBoard" */;
			compatibilityVersion = "Xcode 3.2";
			developmentRegion = English;
			hasScannedForEncodings = 0;
			knownRegions = (
				en,
				Base,
			);
			mainGroup = 5E1D4B6019282743005329F7;
			productRefGroup = 5E1D4B6A19282743005329F7 /* Products */;
			projectDirPath = "";
			projectRoot = "";
			targets = (
				5E1D4B6819282743005329F7 /* ArrivalBoard */,
				5E1D4B8919282743005329F7 /* ArrivalBoardTests */,
			);
		};
/* End PBXProject section */

/* Begin PBXResourcesBuildPhase section */
		5E1D4B6719282743005329F7 /* Resources */ = {
			isa = PBXResourcesBuildPhase;
			buildActionMask = 2147483647;
			files = (
				5EF84C83192A4FAC0078C58F /* 600w.gpx in Resources */,
				5EF84C7F192997500078C58F /* train20.png in Resources */,
				5E1D4B8519282743005329F7 /* Images.xcassets in Resources */,
				5EF84C7B192996DE0078C58F /* train20.svg in Resources */,
				5E1D4B7719282743005329F7 /* InfoPlist.strings in Resources */,
				5EF84C811929999C0078C58F /* train20white.png in Resources */,
				5E607C63193A538100EB4D38 /* Flaticon_25283_white.png in Resources */,
				5EF84C7A192996DE0078C58F /* front1.svg in Resources */,
				5E1D4B8019282743005329F7 /* Main.storyboard in Resources */,
				5EF84C7E192997500078C58F /* front1.png in Resources */,
			);
			runOnlyForDeploymentPostprocessing = 0;
		};
		5E1D4B8819282743005329F7 /* Resources */ = {
			isa = PBXResourcesBuildPhase;
			buildActionMask = 2147483647;
			files = (
				5E1D4B9619282743005329F7 /* InfoPlist.strings in Resources */,
			);
			runOnlyForDeploymentPostprocessing = 0;
		};
/* End PBXResourcesBuildPhase section */

/* Begin PBXShellScriptBuildPhase section */
		4D409AE12790400F96D25B01 /* Copy Pods Resources */ = {
			isa = PBXShellScriptBuildPhase;
			buildActionMask = 2147483647;
			files = (
			);
			inputPaths = (
			);
			name = "Copy Pods Resources";
			outputPaths = (
			);
			runOnlyForDeploymentPostprocessing = 0;
			shellPath = /bin/sh;
			shellScript = "\"${SRCROOT}/Pods/Pods-ArrivalBoardTests-resources.sh\"\n";
			showEnvVarsInLog = 0;
		};
		7FDC326492F94E3499EE8C99 /* Check Pods Manifest.lock */ = {
			isa = PBXShellScriptBuildPhase;
			buildActionMask = 2147483647;
			files = (
			);
			inputPaths = (
			);
			name = "Check Pods Manifest.lock";
			outputPaths = (
			);
			runOnlyForDeploymentPostprocessing = 0;
			shellPath = /bin/sh;
			shellScript = "diff \"${PODS_ROOT}/../Podfile.lock\" \"${PODS_ROOT}/Manifest.lock\" > /dev/null\nif [[ $? != 0 ]] ; then\n    cat << EOM\nerror: The sandbox is not in sync with the Podfile.lock. Run 'pod install' or update your CocoaPods installation.\nEOM\n    exit 1\nfi\n";
			showEnvVarsInLog = 0;
		};
		A9C32AB83F9C4126B51573C3 /* Copy Pods Resources */ = {
			isa = PBXShellScriptBuildPhase;
			buildActionMask = 2147483647;
			files = (
			);
			inputPaths = (
			);
			name = "Copy Pods Resources";
			outputPaths = (
			);
			runOnlyForDeploymentPostprocessing = 0;
			shellPath = /bin/sh;
			shellScript = "\"${SRCROOT}/Pods/Pods-resources.sh\"\n";
			showEnvVarsInLog = 0;
		};
		E00851674CE344D8A7EB9FAA /* Check Pods Manifest.lock */ = {
			isa = PBXShellScriptBuildPhase;
			buildActionMask = 2147483647;
			files = (
			);
			inputPaths = (
			);
			name = "Check Pods Manifest.lock";
			outputPaths = (
			);
			runOnlyForDeploymentPostprocessing = 0;
			shellPath = /bin/sh;
			shellScript = "diff \"${PODS_ROOT}/../Podfile.lock\" \"${PODS_ROOT}/Manifest.lock\" > /dev/null\nif [[ $? != 0 ]] ; then\n    cat << EOM\nerror: The sandbox is not in sync with the Podfile.lock. Run 'pod install' or update your CocoaPods installation.\nEOM\n    exit 1\nfi\n";
			showEnvVarsInLog = 0;
		};
/* End PBXShellScriptBuildPhase section */

/* Begin PBXSourcesBuildPhase section */
		5E1D4B6519282743005329F7 /* Sources */ = {
			isa = PBXSourcesBuildPhase;
			buildActionMask = 2147483647;
			files = (
				5E1D4B7919282743005329F7 /* main.m in Sources */,
				5E1D4B8319282743005329F7 /* ABViewController.m in Sources */,
				5E1D4B7D19282743005329F7 /* ABAppDelegate.m in Sources */,
				5E951A92192830CC0042C245 /* ETA.m in Sources */,
				5E951A9A192844A30042C245 /* ArrivalClient.m in Sources */,
			);
			runOnlyForDeploymentPostprocessing = 0;
		};
		5E1D4B8619282743005329F7 /* Sources */ = {
			isa = PBXSourcesBuildPhase;
			buildActionMask = 2147483647;
			files = (
				5E1D4B9819282743005329F7 /* ArrivalBoardTests.m in Sources */,
				5E951A95192833640042C245 /* ETATest.m in Sources */,
				5E951A97192844260042C245 /* ArrivalClientTest.m in Sources */,
				5E951A93192830CC0042C245 /* ETA.m in Sources */,
			);
			runOnlyForDeploymentPostprocessing = 0;
		};
/* End PBXSourcesBuildPhase section */

/* Begin PBXTargetDependency section */
		5E1D4B9019282743005329F7 /* PBXTargetDependency */ = {
			isa = PBXTargetDependency;
			target = 5E1D4B6819282743005329F7 /* ArrivalBoard */;
			targetProxy = 5E1D4B8F19282743005329F7 /* PBXContainerItemProxy */;
		};
/* End PBXTargetDependency section */

/* Begin PBXVariantGroup section */
		5E1D4B7519282743005329F7 /* InfoPlist.strings */ = {
			isa = PBXVariantGroup;
			children = (
				5E1D4B7619282743005329F7 /* en */,
			);
			name = InfoPlist.strings;
			sourceTree = "<group>";
		};
		5E1D4B7E19282743005329F7 /* Main.storyboard */ = {
			isa = PBXVariantGroup;
			children = (
				5E1D4B7F19282743005329F7 /* Base */,
			);
			name = Main.storyboard;
			sourceTree = "<group>";
		};
		5E1D4B9419282743005329F7 /* InfoPlist.strings */ = {
			isa = PBXVariantGroup;
			children = (
				5E1D4B9519282743005329F7 /* en */,
			);
			name = InfoPlist.strings;
			sourceTree = "<group>";
		};
/* End PBXVariantGroup section */

/* Begin XCBuildConfiguration section */
		5E1D4B9919282743005329F7 /* Debug */ = {
			isa = XCBuildConfiguration;
			buildSettings = {
				ALWAYS_SEARCH_USER_PATHS = NO;
				CLANG_CXX_LANGUAGE_STANDARD = "gnu++0x";
				CLANG_CXX_LIBRARY = "libc++";
				CLANG_ENABLE_MODULES = YES;
				CLANG_ENABLE_OBJC_ARC = YES;
				CLANG_WARN_BOOL_CONVERSION = YES;
				CLANG_WARN_CONSTANT_CONVERSION = YES;
				CLANG_WARN_DIRECT_OBJC_ISA_USAGE = YES_ERROR;
				CLANG_WARN_EMPTY_BODY = YES;
				CLANG_WARN_ENUM_CONVERSION = YES;
				CLANG_WARN_INT_CONVERSION = YES;
				CLANG_WARN_OBJC_ROOT_CLASS = YES_ERROR;
				CLANG_WARN__DUPLICATE_METHOD_MATCH = YES;
				"CODE_SIGN_IDENTITY[sdk=iphoneos*]" = "iPhone Developer";
				COPY_PHASE_STRIP = NO;
				GCC_C_LANGUAGE_STANDARD = gnu99;
				GCC_DYNAMIC_NO_PIC = NO;
				GCC_OPTIMIZATION_LEVEL = 0;
				GCC_PREPROCESSOR_DEFINITIONS = (
					"DEBUG=1",
					"$(inherited)",
				);
				GCC_SYMBOLS_PRIVATE_EXTERN = NO;
				GCC_WARN_64_TO_32_BIT_CONVERSION = YES;
				GCC_WARN_ABOUT_RETURN_TYPE = YES_ERROR;
				GCC_WARN_UNDECLARED_SELECTOR = YES;
				GCC_WARN_UNINITIALIZED_AUTOS = YES_AGGRESSIVE;
				GCC_WARN_UNUSED_FUNCTION = YES;
				GCC_WARN_UNUSED_VARIABLE = YES;
				IPHONEOS_DEPLOYMENT_TARGET = 7.1;
				ONLY_ACTIVE_ARCH = YES;
				SDKROOT = iphoneos;
			};
			name = Debug;
		};
		5E1D4B9A19282743005329F7 /* Release */ = {
			isa = XCBuildConfiguration;
			buildSettings = {
				ALWAYS_SEARCH_USER_PATHS = NO;
				CLANG_CXX_LANGUAGE_STANDARD = "gnu++0x";
				CLANG_CXX_LIBRARY = "libc++";
				CLANG_ENABLE_MODULES = YES;
				CLANG_ENABLE_OBJC_ARC = YES;
				CLANG_WARN_BOOL_CONVERSION = YES;
				CLANG_WARN_CONSTANT_CONVERSION = YES;
				CLANG_WARN_DIRECT_OBJC_ISA_USAGE = YES_ERROR;
				CLANG_WARN_EMPTY_BODY = YES;
				CLANG_WARN_ENUM_CONVERSION = YES;
				CLANG_WARN_INT_CONVERSION = YES;
				CLANG_WARN_OBJC_ROOT_CLASS = YES_ERROR;
				CLANG_WARN__DUPLICATE_METHOD_MATCH = YES;
				"CODE_SIGN_IDENTITY[sdk=iphoneos*]" = "iPhone Developer";
				COPY_PHASE_STRIP = YES;
				ENABLE_NS_ASSERTIONS = NO;
				GCC_C_LANGUAGE_STANDARD = gnu99;
				GCC_WARN_64_TO_32_BIT_CONVERSION = YES;
				GCC_WARN_ABOUT_RETURN_TYPE = YES_ERROR;
				GCC_WARN_UNDECLARED_SELECTOR = YES;
				GCC_WARN_UNINITIALIZED_AUTOS = YES_AGGRESSIVE;
				GCC_WARN_UNUSED_FUNCTION = YES;
				GCC_WARN_UNUSED_VARIABLE = YES;
				IPHONEOS_DEPLOYMENT_TARGET = 7.1;
				SDKROOT = iphoneos;
				VALIDATE_PRODUCT = YES;
			};
			name = Release;
		};
		5E1D4B9C19282743005329F7 /* Debug */ = {
			isa = XCBuildConfiguration;
			baseConfigurationReference = 0FBDF78C6AF3422E9969D885 /* Pods.xcconfig */;
			buildSettings = {
				ASSETCATALOG_COMPILER_APPICON_NAME = AppIcon;
				ASSETCATALOG_COMPILER_LAUNCHIMAGE_NAME = LaunchImage;
				GCC_PRECOMPILE_PREFIX_HEADER = YES;
				GCC_PREFIX_HEADER = "ArrivalBoard/ArrivalBoard-Prefix.pch";
				INFOPLIST_FILE = "ArrivalBoard/ArrivalBoard-Info.plist";
				PRODUCT_NAME = "$(TARGET_NAME)";
				WRAPPER_EXTENSION = app;
			};
			name = Debug;
		};
		5E1D4B9D19282743005329F7 /* Release */ = {
			isa = XCBuildConfiguration;
			baseConfigurationReference = 0FBDF78C6AF3422E9969D885 /* Pods.xcconfig */;
			buildSettings = {
				ASSETCATALOG_COMPILER_APPICON_NAME = AppIcon;
				ASSETCATALOG_COMPILER_LAUNCHIMAGE_NAME = LaunchImage;
				GCC_PRECOMPILE_PREFIX_HEADER = YES;
				GCC_PREFIX_HEADER = "ArrivalBoard/ArrivalBoard-Prefix.pch";
				INFOPLIST_FILE = "ArrivalBoard/ArrivalBoard-Info.plist";
				PRODUCT_NAME = "$(TARGET_NAME)";
				WRAPPER_EXTENSION = app;
			};
			name = Release;
		};
		5E1D4B9F19282743005329F7 /* Debug */ = {
			isa = XCBuildConfiguration;
			baseConfigurationReference = A6F537326F954B269034EB6C /* Pods-ArrivalBoardTests.xcconfig */;
			buildSettings = {
				BUNDLE_LOADER = "$(BUILT_PRODUCTS_DIR)/ArrivalBoard.app/ArrivalBoard";
				FRAMEWORK_SEARCH_PATHS = (
					"$(SDKROOT)/Developer/Library/Frameworks",
					"$(inherited)",
					"$(DEVELOPER_FRAMEWORKS_DIR)",
				);
				GCC_PRECOMPILE_PREFIX_HEADER = YES;
				GCC_PREFIX_HEADER = "ArrivalBoard/ArrivalBoard-Prefix.pch";
				GCC_PREPROCESSOR_DEFINITIONS = (
					"DEBUG=1",
					"$(inherited)",
				);
				INFOPLIST_FILE = "ArrivalBoardTests/ArrivalBoardTests-Info.plist";
				PRODUCT_NAME = "$(TARGET_NAME)";
				TEST_HOST = "$(BUNDLE_LOADER)";
				WRAPPER_EXTENSION = xctest;
			};
			name = Debug;
		};
		5E1D4BA019282743005329F7 /* Release */ = {
			isa = XCBuildConfiguration;
			baseConfigurationReference = A6F537326F954B269034EB6C /* Pods-ArrivalBoardTests.xcconfig */;
			buildSettings = {
				BUNDLE_LOADER = "$(BUILT_PRODUCTS_DIR)/ArrivalBoard.app/ArrivalBoard";
				FRAMEWORK_SEARCH_PATHS = (
					"$(SDKROOT)/Developer/Library/Frameworks",
					"$(inherited)",
					"$(DEVELOPER_FRAMEWORKS_DIR)",
				);
				GCC_PRECOMPILE_PREFIX_HEADER = YES;
				GCC_PREFIX_HEADER = "ArrivalBoard/ArrivalBoard-Prefix.pch";
				INFOPLIST_FILE = "ArrivalBoardTests/ArrivalBoardTests-Info.plist";
				PRODUCT_NAME = "$(TARGET_NAME)";
				TEST_HOST = "$(BUNDLE_LOADER)";
				WRAPPER_EXTENSION = xctest;
			};
			name = Release;
		};
/* End XCBuildConfiguration section */

/* Begin XCConfigurationList section */
		5E1D4B6419282743005329F7 /* Build configuration list for PBXProject "ArrivalBoard" */ = {
			isa = XCConfigurationList;
			buildConfigurations = (
				5E1D4B9919282743005329F7 /* Debug */,
				5E1D4B9A19282743005329F7 /* Release */,
			);
			defaultConfigurationIsVisible = 0;
			defaultConfigurationName = Release;
		};
		5E1D4B9B19282743005329F7 /* Build configuration list for PBXNativeTarget "ArrivalBoard" */ = {
			isa = XCConfigurationList;
			buildConfigurations = (
				5E1D4B9C19282743005329F7 /* Debug */,
				5E1D4B9D19282743005329F7 /* Release */,
			);
			defaultConfigurationIsVisible = 0;
			defaultConfigurationName = Release;
		};
		5E1D4B9E19282743005329F7 /* Build configuration list for PBXNativeTarget "ArrivalBoardTests" */ = {
			isa = XCConfigurationList;
			buildConfigurations = (
				5E1D4B9F19282743005329F7 /* Debug */,
				5E1D4BA019282743005329F7 /* Release */,
			);
			defaultConfigurationIsVisible = 0;
			defaultConfigurationName = Release;
		};
/* End XCConfigurationList section */
	};
	rootObject = 5E1D4B6119282743005329F7 /* Project object */;
}
