// !$*UTF8*$!
{
	archiveVersion = 1;
	classes = {
	};
	objectVersion = 46;
	objects = {

/* Begin PBXBuildFile section */
		5E1D4B6D19282743005329F7 /* Foundation.framework in Frameworks */ = {isa = PBXBuildFile; fileRef = 5E1D4B6C19282743005329F7 /* Foundation.framework */; };
		5E1D4B6F19282743005329F7 /* CoreGraphics.framework in Frameworks */ = {isa = PBXBuildFile; fileRef = 5E1D4B6E19282743005329F7 /* CoreGraphics.framework */; };
		5E1D4B7119282743005329F7 /* UIKit.framework in Frameworks */ = {isa = PBXBuildFile; fileRef = 5E1D4B7019282743005329F7 /* UIKit.framework */; };
		5E1D4B7719282743005329F7 /* InfoPlist.strings in Resources */ = {isa = PBXBuildFile; fileRef = 5E1D4B7519282743005329F7 /* InfoPlist.strings */; };
		5E1D4B7919282743005329F7 /* main.m in Sources */ = {isa = PBXBuildFile; fileRef = 5E1D4B7819282743005329F7 /* main.m */; };
		5E1D4B7D19282743005329F7 /* ABAppDelegate.m in Sources */ = {isa = PBXBuildFile; fileRef = 5E1D4B7C19282743005329F7 /* ABAppDelegate.m */; };
		5E1D4B8019282743005329F7 /* Main.storyboard in Resources */ = {isa = PBXBuildFile; fileRef = 5E1D4B7E19282743005329F7 /* Main.storyboard */; };
		5E1D4B8319282743005329F7 /* ABViewController.m in Sources */ = {isa = PBXBuildFile; fileRef = 5E1D4B8219282743005329F7 /* ABViewController.m */; };
		5E1D4B8519282743005329F7 /* Images.xcassets in Resources */ = {isa = PBXBuildFile; fileRef = 5E1D4B8419282743005329F7 /* Images.xcassets */; };
		5E1D4B8C19282743005329F7 /* XCTest.framework in Frameworks */ = {isa = PBXBuildFile; fileRef = 5E1D4B8B19282743005329F7 /* XCTest.framework */; };
		5E1D4B8D19282743005329F7 /* Foundation.framework in Frameworks */ = {isa = PBXBuildFile; fileRef = 5E1D4B6C19282743005329F7 /* Foundation.framework */; };
		5E1D4B8E19282743005329F7 /* UIKit.framework in Frameworks */ = {isa = PBXBuildFile; fileRef = 5E1D4B7019282743005329F7 /* UIKit.framework */; };
		5E1D4B9619282743005329F7 /* InfoPlist.strings in Resources */ = {isa = PBXBuildFile; fileRef = 5E1D4B9419282743005329F7 /* InfoPlist.strings */; };
		5E1D4B9819282743005329F7 /* ArrivalBoardTests.m in Sources */ = {isa = PBXBuildFile; fileRef = 5E1D4B9719282743005329F7 /* ArrivalBoardTests.m */; };
/* End PBXBuildFile section */

/* Begin PBXContainerItemProxy section */
		5E1D4B8F19282743005329F7 /* PBXContainerItemProxy */ = {
			isa = PBXContainerItemProxy;
			containerPortal = 5E1D4B6119282743005329F7 /* Project object */;
			proxyType = 1;
			remoteGlobalIDString = 5E1D4B6819282743005329F7;
			remoteInfo = ArrivalBoard;
		};
/* End PBXContainerItemProxy section */

/* Begin PBXFileReference section */
		5E1D4B6919282743005329F7 /* ArrivalBoard.app */ = {isa = PBXFileReference; explicitFileType = wrapper.application; includeInIndex = 0; path = ArrivalBoard.app; sourceTree = BUILT_PRODUCTS_DIR; };
		5E1D4B6C19282743005329F7 /* Foundation.framework */ = {isa = PBXFileReference; lastKnownFileType = wrapper.framework; name = Foundation.framework; path = System/Library/Frameworks/Foundation.framework; sourceTree = SDKROOT; };
		5E1D4B6E19282743005329F7 /* CoreGraphics.framework */ = {isa = PBXFileReference; lastKnownFileType = wrapper.framework; name = CoreGraphics.framework; path = System/Library/Frameworks/CoreGraphics.framework; sourceTree = SDKROOT; };
		5E1D4B7019282743005329F7 /* UIKit.framework */ = {isa = PBXFileReference; lastKnownFileType = wrapper.framework; name = UIKit.framework; path = System/Library/Frameworks/UIKit.framework; sourceTree = SDKROOT; };
		5E1D4B7419282743005329F7 /* ArrivalBoard-Info.plist */ = {isa = PBXFileReference; lastKnownFileType = text.plist.xml; path = "ArrivalBoard-Info.plist"; sourceTree = "<group>"; };
		5E1D4B7619282743005329F7 /* en */ = {isa = PBXFileReference; lastKnownFileType = text.plist.strings; name = en; path = en.lproj/InfoPlist.strings; sourceTree = "<group>"; };
		5E1D4B7819282743005329F7 /* main.m */ = {isa = PBXFileReference; lastKnownFileType = sourcecode.c.objc; path = main.m; sourceTree = "<group>"; };
		5E1D4B7A19282743005329F7 /* ArrivalBoard-Prefix.pch */ = {isa = PBXFileReference; lastKnownFileType = sourcecode.c.h; path = "ArrivalBoard-Prefix.pch"; sourceTree = "<group>"; };
		5E1D4B7B19282743005329F7 /* ABAppDelegate.h */ = {isa = PBXFileReference; lastKnownFileType = sourcecode.c.h; path = ABAppDelegate.h; sourceTree = "<group>"; };
		5E1D4B7C19282743005329F7 /* ABAppDelegate.m */ = {isa = PBXFileReference; lastKnownFileType = sourcecode.c.objc; path = ABAppDelegate.m; sourceTree = "<group>"; };
		5E1D4B7F19282743005329F7 /* Base */ = {isa = PBXFileReference; lastKnownFileType = file.storyboard; name = Base; path = Base.lproj/Main.storyboard; sourceTree = "<group>"; };
		5E1D4B8119282743005329F7 /* ABViewController.h */ = {isa = PBXFileReference; lastKnownFileType = sourcecode.c.h; path = ABViewController.h; sourceTree = "<group>"; };
		5E1D4B8219282743005329F7 /* ABViewController.m */ = {isa = PBXFileReference; lastKnownFileType = sourcecode.c.objc; path = ABViewController.m; sourceTree = "<group>"; };
		5E1D4B8419282743005329F7 /* Images.xcassets */ = {isa = PBXFileReference; lastKnownFileType = folder.assetcatalog; path = Images.xcassets; sourceTree = "<group>"; };
		5E1D4B8A19282743005329F7 /* ArrivalBoardTests.xctest */ = {isa = PBXFileReference; explicitFileType = wrapper.cfbundle; includeInIndex = 0; path = ArrivalBoardTests.xctest; sourceTree = BUILT_PRODUCTS_DIR; };
		5E1D4B8B19282743005329F7 /* XCTest.framework */ = {isa = PBXFileReference; lastKnownFileType = wrapper.framework; name = XCTest.framework; path = Library/Frameworks/XCTest.framework; sourceTree = DEVELOPER_DIR; };
		5E1D4B9319282743005329F7 /* ArrivalBoardTests-Info.plist */ = {isa = PBXFileReference; lastKnownFileType = text.plist.xml; path = "ArrivalBoardTests-Info.plist"; sourceTree = "<group>"; };
		5E1D4B9519282743005329F7 /* en */ = {isa = PBXFileReference; lastKnownFileType = text.plist.strings; name = en; path = en.lproj/InfoPlist.strings; sourceTree = "<group>"; };
		5E1D4B9719282743005329F7 /* ArrivalBoardTests.m */ = {isa = PBXFileReference; lastKnownFileType = sourcecode.c.objc; path = ArrivalBoardTests.m; sourceTree = "<group>"; };
/* End PBXFileReference section */

/* Begin PBXFrameworksBuildPhase section */
		5E1D4B6619282743005329F7 /* Frameworks */ = {
			isa = PBXFrameworksBuildPhase;
			buildActionMask = 2147483647;
			files = (
				5E1D4B6F19282743005329F7 /* CoreGraphics.framework in Frameworks */,
				5E1D4B7119282743005329F7 /* UIKit.framework in Frameworks */,
				5E1D4B6D19282743005329F7 /* Foundation.framework in Frameworks */,
			);
			runOnlyForDeploymentPostprocessing = 0;
		};
		5E1D4B8719282743005329F7 /* Frameworks */ = {
			isa = PBXFrameworksBuildPhase;
			buildActionMask = 2147483647;
			files = (
				5E1D4B8C19282743005329F7 /* XCTest.framework in Frameworks */,
				5E1D4B8E19282743005329F7 /* UIKit.framework in Frameworks */,
				5E1D4B8D19282743005329F7 /* Foundation.framework in Frameworks */,
			);
			runOnlyForDeploymentPostprocessing = 0;
		};
/* End PBXFrameworksBuildPhase section */

/* Begin PBXGroup section */
		5E1D4B6019282743005329F7 = {
			isa = PBXGroup;
			children = (
				5E1D4B7219282743005329F7 /* ArrivalBoard */,
				5E1D4B9119282743005329F7 /* ArrivalBoardTests */,
				5E1D4B6B19282743005329F7 /* Frameworks */,
				5E1D4B6A19282743005329F7 /* Products */,
			);
			sourceTree = "<group>";
		};
		5E1D4B6A19282743005329F7 /* Products */ = {
			isa = PBXGroup;
			children = (
				5E1D4B6919282743005329F7 /* ArrivalBoard.app */,
				5E1D4B8A19282743005329F7 /* ArrivalBoardTests.xctest */,
			);
			name = Products;
			sourceTree = "<group>";
		};
		5E1D4B6B19282743005329F7 /* Frameworks */ = {
			isa = PBXGroup;
			children = (
				5E1D4B6C19282743005329F7 /* Foundation.framework */,
				5E1D4B6E19282743005329F7 /* CoreGraphics.framework */,
				5E1D4B7019282743005329F7 /* UIKit.framework */,
				5E1D4B8B19282743005329F7 /* XCTest.framework */,
			);
			name = Frameworks;
			sourceTree = "<group>";
		};
		5E1D4B7219282743005329F7 /* ArrivalBoard */ = {
			isa = PBXGroup;
			children = (
				5E1D4B7B19282743005329F7 /* ABAppDelegate.h */,
				5E1D4B7C19282743005329F7 /* ABAppDelegate.m */,
				5E1D4B7E19282743005329F7 /* Main.storyboard */,
				5E1D4B8119282743005329F7 /* ABViewController.h */,
				5E1D4B8219282743005329F7 /* ABViewController.m */,
				5E1D4B8419282743005329F7 /* Images.xcassets */,
				5E1D4B7319282743005329F7 /* Supporting Files */,
			);
			path = ArrivalBoard;
			sourceTree = "<group>";
		};
		5E1D4B7319282743005329F7 /* Supporting Files */ = {
			isa = PBXGroup;
			children = (
				5E1D4B7419282743005329F7 /* ArrivalBoard-Info.plist */,
				5E1D4B7519282743005329F7 /* InfoPlist.strings */,
				5E1D4B7819282743005329F7 /* main.m */,
				5E1D4B7A19282743005329F7 /* ArrivalBoard-Prefix.pch */,
			);
			name = "Supporting Files";
			sourceTree = "<group>";
		};
		5E1D4B9119282743005329F7 /* ArrivalBoardTests */ = {
			isa = PBXGroup;
			children = (
				5E1D4B9719282743005329F7 /* ArrivalBoardTests.m */,
				5E1D4B9219282743005329F7 /* Supporting Files */,
			);
			path = ArrivalBoardTests;
			sourceTree = "<group>";
		};
		5E1D4B9219282743005329F7 /* Supporting Files */ = {
			isa = PBXGroup;
			children = (
				5E1D4B9319282743005329F7 /* ArrivalBoardTests-Info.plist */,
				5E1D4B9419282743005329F7 /* InfoPlist.strings */,
			);
			name = "Supporting Files";
			sourceTree = "<group>";
		};
/* End PBXGroup section */

/* Begin PBXNativeTarget section */
		5E1D4B6819282743005329F7 /* ArrivalBoard */ = {
			isa = PBXNativeTarget;
			buildConfigurationList = 5E1D4B9B19282743005329F7 /* Build configuration list for PBXNativeTarget "ArrivalBoard" */;
			buildPhases = (
				5E1D4B6519282743005329F7 /* Sources */,
				5E1D4B6619282743005329F7 /* Frameworks */,
				5E1D4B6719282743005329F7 /* Resources */,
			);
			buildRules = (
			);
			dependencies = (
			);
			name = ArrivalBoard;
			productName = ArrivalBoard;
			productReference = 5E1D4B6919282743005329F7 /* ArrivalBoard.app */;
			productType = "com.apple.product-type.application";
		};
		5E1D4B8919282743005329F7 /* ArrivalBoardTests */ = {
			isa = PBXNativeTarget;
			buildConfigurationList = 5E1D4B9E19282743005329F7 /* Build configuration list for PBXNativeTarget "ArrivalBoardTests" */;
			buildPhases = (
				5E1D4B8619282743005329F7 /* Sources */,
				5E1D4B8719282743005329F7 /* Frameworks */,
				5E1D4B8819282743005329F7 /* Resources */,
			);
			buildRules = (
			);
			dependencies = (
				5E1D4B9019282743005329F7 /* PBXTargetDependency */,
			);
			name = ArrivalBoardTests;
			productName = ArrivalBoardTests;
			productReference = 5E1D4B8A19282743005329F7 /* ArrivalBoardTests.xctest */;
			productType = "com.apple.product-type.bundle.unit-test";
		};
/* End PBXNativeTarget section */

/* Begin PBXProject section */
		5E1D4B6119282743005329F7 /* Project object */ = {
			isa = PBXProject;
			attributes = {
				CLASSPREFIX = AB;
				LastUpgradeCheck = 0510;
				ORGANIZATIONNAME = eb;
				TargetAttributes = {
					5E1D4B8919282743005329F7 = {
						TestTargetID = 5E1D4B6819282743005329F7;
					};
				};
			};
			buildConfigurationList = 5E1D4B6419282743005329F7 /* Build configuration list for PBXProject "ArrivalBoard" */;
			compatibilityVersion = "Xcode 3.2";
			developmentRegion = English;
			hasScannedForEncodings = 0;
			knownRegions = (
				en,
				Base,
			);
			mainGroup = 5E1D4B6019282743005329F7;
			productRefGroup = 5E1D4B6A19282743005329F7 /* Products */;
			projectDirPath = "";
			projectRoot = "";
			targets = (
				5E1D4B6819282743005329F7 /* ArrivalBoard */,
				5E1D4B8919282743005329F7 /* ArrivalBoardTests */,
			);
		};
/* End PBXProject section */

/* Begin PBXResourcesBuildPhase section */
		5E1D4B6719282743005329F7 /* Resources */ = {
			isa = PBXResourcesBuildPhase;
			buildActionMask = 2147483647;
			files = (
				5E1D4B8519282743005329F7 /* Images.xcassets in Resources */,
				5E1D4B7719282743005329F7 /* InfoPlist.strings in Resources */,
				5E1D4B8019282743005329F7 /* Main.storyboard in Resources */,
			);
			runOnlyForDeploymentPostprocessing = 0;
		};
		5E1D4B8819282743005329F7 /* Resources */ = {
			isa = PBXResourcesBuildPhase;
			buildActionMask = 2147483647;
			files = (
				5E1D4B9619282743005329F7 /* InfoPlist.strings in Resources */,
			);
			runOnlyForDeploymentPostprocessing = 0;
		};
/* End PBXResourcesBuildPhase section */

/* Begin PBXSourcesBuildPhase section */
		5E1D4B6519282743005329F7 /* Sources */ = {
			isa = PBXSourcesBuildPhase;
			buildActionMask = 2147483647;
			files = (
				5E1D4B7919282743005329F7 /* main.m in Sources */,
				5E1D4B8319282743005329F7 /* ABViewController.m in Sources */,
				5E1D4B7D19282743005329F7 /* ABAppDelegate.m in Sources */,
			);
			runOnlyForDeploymentPostprocessing = 0;
		};
		5E1D4B8619282743005329F7 /* Sources */ = {
			isa = PBXSourcesBuildPhase;
			buildActionMask = 2147483647;
			files = (
				5E1D4B9819282743005329F7 /* ArrivalBoardTests.m in Sources */,
			);
			runOnlyForDeploymentPostprocessing = 0;
		};
/* End PBXSourcesBuildPhase section */

/* Begin PBXTargetDependency section */
		5E1D4B9019282743005329F7 /* PBXTargetDependency */ = {
			isa = PBXTargetDependency;
			target = 5E1D4B6819282743005329F7 /* ArrivalBoard */;
			targetProxy = 5E1D4B8F19282743005329F7 /* PBXContainerItemProxy */;
		};
/* End PBXTargetDependency section */

/* Begin PBXVariantGroup section */
		5E1D4B7519282743005329F7 /* InfoPlist.strings */ = {
			isa = PBXVariantGroup;
			children = (
				5E1D4B7619282743005329F7 /* en */,
			);
			name = InfoPlist.strings;
			sourceTree = "<group>";
		};
		5E1D4B7E19282743005329F7 /* Main.storyboard */ = {
			isa = PBXVariantGroup;
			children = (
				5E1D4B7F19282743005329F7 /* Base */,
			);
			name = Main.storyboard;
			sourceTree = "<group>";
		};
		5E1D4B9419282743005329F7 /* InfoPlist.strings */ = {
			isa = PBXVariantGroup;
			children = (
				5E1D4B9519282743005329F7 /* en */,
			);
			name = InfoPlist.strings;
			sourceTree = "<group>";
		};
/* End PBXVariantGroup section */

/* Begin XCBuildConfiguration section */
		5E1D4B9919282743005329F7 /* Debug */ = {
			isa = XCBuildConfiguration;
			buildSettings = {
				ALWAYS_SEARCH_USER_PATHS = NO;
				CLANG_CXX_LANGUAGE_STANDARD = "gnu++0x";
				CLANG_CXX_LIBRARY = "libc++";
				CLANG_ENABLE_MODULES = YES;
				CLANG_ENABLE_OBJC_ARC = YES;
				CLANG_WARN_BOOL_CONVERSION = YES;
				CLANG_WARN_CONSTANT_CONVERSION = YES;
				CLANG_WARN_DIRECT_OBJC_ISA_USAGE = YES_ERROR;
				CLANG_WARN_EMPTY_BODY = YES;
				CLANG_WARN_ENUM_CONVERSION = YES;
				CLANG_WARN_INT_CONVERSION = YES;
				CLANG_WARN_OBJC_ROOT_CLASS = YES_ERROR;
				CLANG_WARN__DUPLICATE_METHOD_MATCH = YES;
				"CODE_SIGN_IDENTITY[sdk=iphoneos*]" = "iPhone Developer";
				COPY_PHASE_STRIP = NO;
				GCC_C_LANGUAGE_STANDARD = gnu99;
				GCC_DYNAMIC_NO_PIC = NO;
				GCC_OPTIMIZATION_LEVEL = 0;
				GCC_PREPROCESSOR_DEFINITIONS = (
					"DEBUG=1",
					"$(inherited)",
				);
				GCC_SYMBOLS_PRIVATE_EXTERN = NO;
				GCC_WARN_64_TO_32_BIT_CONVERSION = YES;
				GCC_WARN_ABOUT_RETURN_TYPE = YES_ERROR;
				GCC_WARN_UNDECLARED_SELECTOR = YES;
				GCC_WARN_UNINITIALIZED_AUTOS = YES_AGGRESSIVE;
				GCC_WARN_UNUSED_FUNCTION = YES;
				GCC_WARN_UNUSED_VARIABLE = YES;
				IPHONEOS_DEPLOYMENT_TARGET = 7.1;
				ONLY_ACTIVE_ARCH = YES;
				SDKROOT = iphoneos;
			};
			name = Debug;
		};
		5E1D4B9A19282743005329F7 /* Release */ = {
			isa = XCBuildConfiguration;
			buildSettings = {
				ALWAYS_SEARCH_USER_PATHS = NO;
				CLANG_CXX_LANGUAGE_STANDARD = "gnu++0x";
				CLANG_CXX_LIBRARY = "libc++";
				CLANG_ENABLE_MODULES = YES;
				CLANG_ENABLE_OBJC_ARC = YES;
				CLANG_WARN_BOOL_CONVERSION = YES;
				CLANG_WARN_CONSTANT_CONVERSION = YES;
				CLANG_WARN_DIRECT_OBJC_ISA_USAGE = YES_ERROR;
				CLANG_WARN_EMPTY_BODY = YES;
				CLANG_WARN_ENUM_CONVERSION = YES;
				CLANG_WARN_INT_CONVERSION = YES;
				CLANG_WARN_OBJC_ROOT_CLASS = YES_ERROR;
				CLANG_WARN__DUPLICATE_METHOD_MATCH = YES;
				"CODE_SIGN_IDENTITY[sdk=iphoneos*]" = "iPhone Developer";
				COPY_PHASE_STRIP = YES;
				ENABLE_NS_ASSERTIONS = NO;
				GCC_C_LANGUAGE_STANDARD = gnu99;
				GCC_WARN_64_TO_32_BIT_CONVERSION = YES;
				GCC_WARN_ABOUT_RETURN_TYPE = YES_ERROR;
				GCC_WARN_UNDECLARED_SELECTOR = YES;
				GCC_WARN_UNINITIALIZED_AUTOS = YES_AGGRESSIVE;
				GCC_WARN_UNUSED_FUNCTION = YES;
				GCC_WARN_UNUSED_VARIABLE = YES;
				IPHONEOS_DEPLOYMENT_TARGET = 7.1;
				SDKROOT = iphoneos;
				VALIDATE_PRODUCT = YES;
			};
			name = Release;
		};
		5E1D4B9C19282743005329F7 /* Debug */ = {
			isa = XCBuildConfiguration;
			buildSettings = {
				ASSETCATALOG_COMPILER_APPICON_NAME = AppIcon;
				ASSETCATALOG_COMPILER_LAUNCHIMAGE_NAME = LaunchImage;
				GCC_PRECOMPILE_PREFIX_HEADER = YES;
				GCC_PREFIX_HEADER = "ArrivalBoard/ArrivalBoard-Prefix.pch";
				INFOPLIST_FILE = "ArrivalBoard/ArrivalBoard-Info.plist";
				PRODUCT_NAME = "$(TARGET_NAME)";
				WRAPPER_EXTENSION = app;
			};
			name = Debug;
		};
		5E1D4B9D19282743005329F7 /* Release */ = {
			isa = XCBuildConfiguration;
			buildSettings = {
				ASSETCATALOG_COMPILER_APPICON_NAME = AppIcon;
				ASSETCATALOG_COMPILER_LAUNCHIMAGE_NAME = LaunchImage;
				GCC_PRECOMPILE_PREFIX_HEADER = YES;
				GCC_PREFIX_HEADER = "ArrivalBoard/ArrivalBoard-Prefix.pch";
				INFOPLIST_FILE = "ArrivalBoard/ArrivalBoard-Info.plist";
				PRODUCT_NAME = "$(TARGET_NAME)";
				WRAPPER_EXTENSION = app;
			};
			name = Release;
		};
		5E1D4B9F19282743005329F7 /* Debug */ = {
			isa = XCBuildConfiguration;
			buildSettings = {
				BUNDLE_LOADER = "$(BUILT_PRODUCTS_DIR)/ArrivalBoard.app/ArrivalBoard";
				FRAMEWORK_SEARCH_PATHS = (
					"$(SDKROOT)/Developer/Library/Frameworks",
					"$(inherited)",
					"$(DEVELOPER_FRAMEWORKS_DIR)",
				);
				GCC_PRECOMPILE_PREFIX_HEADER = YES;
				GCC_PREFIX_HEADER = "ArrivalBoard/ArrivalBoard-Prefix.pch";
				GCC_PREPROCESSOR_DEFINITIONS = (
					"DEBUG=1",
					"$(inherited)",
				);
				INFOPLIST_FILE = "ArrivalBoardTests/ArrivalBoardTests-Info.plist";
				PRODUCT_NAME = "$(TARGET_NAME)";
				TEST_HOST = "$(BUNDLE_LOADER)";
				WRAPPER_EXTENSION = xctest;
			};
			name = Debug;
		};
		5E1D4BA019282743005329F7 /* Release */ = {
			isa = XCBuildConfiguration;
			buildSettings = {
				BUNDLE_LOADER = "$(BUILT_PRODUCTS_DIR)/ArrivalBoard.app/ArrivalBoard";
				FRAMEWORK_SEARCH_PATHS = (
					"$(SDKROOT)/Developer/Library/Frameworks",
					"$(inherited)",
					"$(DEVELOPER_FRAMEWORKS_DIR)",
				);
				GCC_PRECOMPILE_PREFIX_HEADER = YES;
				GCC_PREFIX_HEADER = "ArrivalBoard/ArrivalBoard-Prefix.pch";
				INFOPLIST_FILE = "ArrivalBoardTests/ArrivalBoardTests-Info.plist";
				PRODUCT_NAME = "$(TARGET_NAME)";
				TEST_HOST = "$(BUNDLE_LOADER)";
				WRAPPER_EXTENSION = xctest;
			};
			name = Release;
		};
/* End XCBuildConfiguration section */

/* Begin XCConfigurationList section */
		5E1D4B6419282743005329F7 /* Build configuration list for PBXProject "ArrivalBoard" */ = {
			isa = XCConfigurationList;
			buildConfigurations = (
				5E1D4B9919282743005329F7 /* Debug */,
				5E1D4B9A19282743005329F7 /* Release */,
			);
			defaultConfigurationIsVisible = 0;
			defaultConfigurationName = Release;
		};
		5E1D4B9B19282743005329F7 /* Build configuration list for PBXNativeTarget "ArrivalBoard" */ = {
			isa = XCConfigurationList;
			buildConfigurations = (
				5E1D4B9C19282743005329F7 /* Debug */,
				5E1D4B9D19282743005329F7 /* Release */,
			);
			defaultConfigurationIsVisible = 0;
		};
		5E1D4B9E19282743005329F7 /* Build configuration list for PBXNativeTarget "ArrivalBoardTests" */ = {
			isa = XCConfigurationList;
			buildConfigurations = (
				5E1D4B9F19282743005329F7 /* Debug */,
				5E1D4BA019282743005329F7 /* Release */,
			);
			defaultConfigurationIsVisible = 0;
		};
/* End XCConfigurationList section */
	};
	rootObject = 5E1D4B6119282743005329F7 /* Project object */;
}
